
Microsoft Visual Studio Solution File, Format Version 12.00
# Visual Studio 15
VisualStudioVersion = 15.0.27130.2027
MinimumVisualStudioVersion = 10.0.40219.1
Project("{8BC9CEB8-8B4A-11D0-8D11-00A0C91BC942}") = "Library", "Library\Library.vcxproj", "{7A0CFE36-860E-42A0-AA69-81A0FCC6C5E8}"
EndProject
Project("{8BC9CEB8-8B4A-11D0-8D11-00A0C91BC942}") = "LibraryTest", "LibraryTest\LibraryTest.vcxproj", "{2450761A-E895-445A-A479-446920B2B86D}"
EndProject
Global
	GlobalSection(SolutionConfigurationPlatforms) = preSolution
		Debug|x64 = Debug|x64
		Debug|x86 = Debug|x86
		Release|x64 = Release|x64
		Release|x86 = Release|x86
	EndGlobalSection
	GlobalSection(ProjectConfigurationPlatforms) = postSolution
		{7A0CFE36-860E-42A0-AA69-81A0FCC6C5E8}.Debug|x64.ActiveCfg = Debug|x64
		{7A0CFE36-860E-42A0-AA69-81A0FCC6C5E8}.Debug|x64.Build.0 = Debug|x64
		{7A0CFE36-860E-42A0-AA69-81A0FCC6C5E8}.Debug|x86.ActiveCfg = Debug|Win32
		{7A0CFE36-860E-42A0-AA69-81A0FCC6C5E8}.Debug|x86.Build.0 = Debug|Win32
		{7A0CFE36-860E-42A0-AA69-81A0FCC6C5E8}.Release|x64.ActiveCfg = Release|x64
		{7A0CFE36-860E-42A0-AA69-81A0FCC6C5E8}.Release|x64.Build.0 = Release|x64
		{7A0CFE36-860E-42A0-AA69-81A0FCC6C5E8}.Release|x86.ActiveCfg = Release|Win32
		{7A0CFE36-860E-42A0-AA69-81A0FCC6C5E8}.Release|x86.Build.0 = Release|Win32
		{2450761A-E895-445A-A479-446920B2B86D}.Debug|x64.ActiveCfg = Debug|x64
		{2450761A-E895-445A-A479-446920B2B86D}.Debug|x64.Build.0 = Debug|x64
		{2450761A-E895-445A-A479-446920B2B86D}.Debug|x86.ActiveCfg = Debug|Win32
		{2450761A-E895-445A-A479-446920B2B86D}.Debug|x86.Build.0 = Debug|Win32
		{2450761A-E895-445A-A479-446920B2B86D}.Release|x64.ActiveCfg = Release|x64
		{2450761A-E895-445A-A479-446920B2B86D}.Release|x64.Build.0 = Release|x64
		{2450761A-E895-445A-A479-446920B2B86D}.Release|x86.ActiveCfg = Release|Win32
		{2450761A-E895-445A-A479-446920B2B86D}.Release|x86.Build.0 = Release|Win32
	EndGlobalSection
	GlobalSection(SolutionProperties) = preSolution
		HideSolutionNode = FALSE
	EndGlobalSection
	GlobalSection(ExtensibilityGlobals) = postSolution
		SolutionGuid = {82E24FE0-9099-4A42-8874-4502A0F4CAC8}
	EndGlobalSection
EndGlobal
